
Microsoft Visual Studio Solution File, Format Version 11.00
# Visual Studio 2010
Project("{FAE04EC0-301F-11D3-BF4B-00C04F79EFBC}") = "Assembly-CSharp", "Assembly-CSharp.csproj", "{845D1910-769F-5833-456D-1D448156397A}"
EndProject
Project("{FAE04EC0-301F-11D3-BF4B-00C04F79EFBC}") = "Assembly-CSharp-firstpass", "Assembly-CSharp-firstpass.csproj", "{1183DDE8-F7CF-B7CB-BCB3-3BBC62676505}"
EndProject
Project("{FAE04EC0-301F-11D3-BF4B-00C04F79EFBC}") = "Assembly-CSharp-Editor-firstpass", "Assembly-CSharp-Editor-firstpass.csproj", "{63BC90F2-5EFB-7188-98E0-3A1C1534666B}"
EndProject
Global
	GlobalSection(SolutionConfigurationPlatforms) = preSolution
		Debug|Any CPU = Debug|Any CPU
		Release|Any CPU = Release|Any CPU
	EndGlobalSection
	GlobalSection(ProjectConfigurationPlatforms) = postSolution
		{845D1910-769F-5833-456D-1D448156397A}.Debug|Any CPU.ActiveCfg = Debug|Any CPU
		{845D1910-769F-5833-456D-1D448156397A}.Debug|Any CPU.Build.0 = Debug|Any CPU
		{845D1910-769F-5833-456D-1D448156397A}.Release|Any CPU.ActiveCfg = Release|Any CPU
		{845D1910-769F-5833-456D-1D448156397A}.Release|Any CPU.Build.0 = Release|Any CPU
		{1183DDE8-F7CF-B7CB-BCB3-3BBC62676505}.Debug|Any CPU.ActiveCfg = Debug|Any CPU
		{1183DDE8-F7CF-B7CB-BCB3-3BBC62676505}.Debug|Any CPU.Build.0 = Debug|Any CPU
		{1183DDE8-F7CF-B7CB-BCB3-3BBC62676505}.Release|Any CPU.ActiveCfg = Release|Any CPU
		{1183DDE8-F7CF-B7CB-BCB3-3BBC62676505}.Release|Any CPU.Build.0 = Release|Any CPU
		{63BC90F2-5EFB-7188-98E0-3A1C1534666B}.Debug|Any CPU.ActiveCfg = Debug|Any CPU
		{63BC90F2-5EFB-7188-98E0-3A1C1534666B}.Debug|Any CPU.Build.0 = Debug|Any CPU
		{63BC90F2-5EFB-7188-98E0-3A1C1534666B}.Release|Any CPU.ActiveCfg = Release|Any CPU
		{63BC90F2-5EFB-7188-98E0-3A1C1534666B}.Release|Any CPU.Build.0 = Release|Any CPU
	EndGlobalSection
	GlobalSection(SolutionProperties) = preSolution
		HideSolutionNode = FALSE
	EndGlobalSection
	GlobalSection(MonoDevelopProperties) = preSolution
		StartupItem = Assembly-CSharp.csproj
	EndGlobalSection
EndGlobal
